
Microsoft Visual Studio Solution File, Format Version 12.00
# Visual Studio Version 16
VisualStudioVersion = 16.0.31105.61
MinimumVisualStudioVersion = 10.0.40219.1
Project("{FAE04EC0-301F-11D3-BF4B-00C04F79EFBC}") = "Prg_12Mar21", "Prg_12Mar21.csproj", "{4BA24BB7-CE26-4D4B-AC5F-3CD834B4348E}"
EndProject
Global
	GlobalSection(SolutionConfigurationPlatforms) = preSolution
		Debug|Any CPU = Debug|Any CPU
		Release|Any CPU = Release|Any CPU
	EndGlobalSection
	GlobalSection(ProjectConfigurationPlatforms) = postSolution
		{4BA24BB7-CE26-4D4B-AC5F-3CD834B4348E}.Debug|Any CPU.ActiveCfg = Debug|Any CPU
		{4BA24BB7-CE26-4D4B-AC5F-3CD834B4348E}.Debug|Any CPU.Build.0 = Debug|Any CPU
		{4BA24BB7-CE26-4D4B-AC5F-3CD834B4348E}.Release|Any CPU.ActiveCfg = Release|Any CPU
		{4BA24BB7-CE26-4D4B-AC5F-3CD834B4348E}.Release|Any CPU.Build.0 = Release|Any CPU
	EndGlobalSection
	GlobalSection(SolutionProperties) = preSolution
		HideSolutionNode = FALSE
	EndGlobalSection
	GlobalSection(ExtensibilityGlobals) = postSolution
		SolutionGuid = {8755763E-6FAB-48F1-B43A-A50571443560}
	EndGlobalSection
EndGlobal
